
Microsoft Visual Studio Solution File, Format Version 12.00
# Visual Studio 15
VisualStudioVersion = 15.0.27130.2010
MinimumVisualStudioVersion = 10.0.40219.1
Project("{9A19103F-16F7-4668-BE54-9A1E7A4F7556}") = "CustomerManagement.Tests", "CustomerManagement.Tests\CustomerManagement.Tests.csproj", "{30A786C8-D9E3-4885-9350-10F6E496714C}"
EndProject
Project("{FAE04EC0-301F-11D3-BF4B-00C04F79EFBC}") = "CustomerManagement", "CustomerManagement\CustomerManagement.csproj", "{B53341F6-1CFD-4F7B-B852-F0D82BC4E682}"
EndProject
Global
	GlobalSection(SolutionConfigurationPlatforms) = preSolution
		Debug|Any CPU = Debug|Any CPU
		Release|Any CPU = Release|Any CPU
	EndGlobalSection
	GlobalSection(ProjectConfigurationPlatforms) = postSolution
		{30A786C8-D9E3-4885-9350-10F6E496714C}.Debug|Any CPU.ActiveCfg = Debug|Any CPU
		{30A786C8-D9E3-4885-9350-10F6E496714C}.Debug|Any CPU.Build.0 = Debug|Any CPU
		{30A786C8-D9E3-4885-9350-10F6E496714C}.Release|Any CPU.ActiveCfg = Release|Any CPU
		{30A786C8-D9E3-4885-9350-10F6E496714C}.Release|Any CPU.Build.0 = Release|Any CPU
		{B53341F6-1CFD-4F7B-B852-F0D82BC4E682}.Debug|Any CPU.ActiveCfg = Debug|Any CPU
		{B53341F6-1CFD-4F7B-B852-F0D82BC4E682}.Debug|Any CPU.Build.0 = Debug|Any CPU
		{B53341F6-1CFD-4F7B-B852-F0D82BC4E682}.Release|Any CPU.ActiveCfg = Release|Any CPU
		{B53341F6-1CFD-4F7B-B852-F0D82BC4E682}.Release|Any CPU.Build.0 = Release|Any CPU
	EndGlobalSection
	GlobalSection(SolutionProperties) = preSolution
		HideSolutionNode = FALSE
	EndGlobalSection
	GlobalSection(ExtensibilityGlobals) = postSolution
		SolutionGuid = {0768D221-78A3-4008-968F-3A4D4E43A7D8}
	EndGlobalSection
EndGlobal
